// !$*UTF8*$!
{
	archiveVersion = 1;
	classes = {
	};
	objectVersion = 50;
	objects = {

/* Begin PBXBuildFile section */
		C860489226A5E09A00574FBB /* AppDelegate.swift in Sources */ = {isa = PBXBuildFile; fileRef = C860489126A5E09A00574FBB /* AppDelegate.swift */; };
		C860489426A5E09A00574FBB /* SceneDelegate.swift in Sources */ = {isa = PBXBuildFile; fileRef = C860489326A5E09A00574FBB /* SceneDelegate.swift */; };
		C860489626A5E09A00574FBB /* GameViewController.swift in Sources */ = {isa = PBXBuildFile; fileRef = C860489526A5E09A00574FBB /* GameViewController.swift */; };
		C860489926A5E09A00574FBB /* Main.storyboard in Resources */ = {isa = PBXBuildFile; fileRef = C860489726A5E09A00574FBB /* Main.storyboard */; };
		C860489B26A5E09C00574FBB /* Assets.xcassets in Resources */ = {isa = PBXBuildFile; fileRef = C860489A26A5E09C00574FBB /* Assets.xcassets */; };
		C860489E26A5E09C00574FBB /* LaunchScreen.storyboard in Resources */ = {isa = PBXBuildFile; fileRef = C860489C26A5E09C00574FBB /* LaunchScreen.storyboard */; };
		C86048A626A5EB8F00574FBB /* GameScene.swift in Sources */ = {isa = PBXBuildFile; fileRef = C86048A526A5EB8F00574FBB /* GameScene.swift */; };
		C86048A926A9FEC800574FBB /* ScreenSize.swift in Sources */ = {isa = PBXBuildFile; fileRef = C86048A826A9FEC800574FBB /* ScreenSize.swift */; };
		C86048AB26AA084300574FBB /* HowToPlay.swift in Sources */ = {isa = PBXBuildFile; fileRef = C86048AA26AA084300574FBB /* HowToPlay.swift */; };
		C86048BC26B8A59900574FBB /* munro.ttf in Resources */ = {isa = PBXBuildFile; fileRef = C86048BB26B8A59900574FBB /* munro.ttf */; };
/* End PBXBuildFile section */

/* Begin PBXFileReference section */
		C860488E26A5E09A00574FBB /* Totigotchi.app */ = {isa = PBXFileReference; explicitFileType = wrapper.application; includeInIndex = 0; path = Totigotchi.app; sourceTree = BUILT_PRODUCTS_DIR; };
		C860489126A5E09A00574FBB /* AppDelegate.swift */ = {isa = PBXFileReference; lastKnownFileType = sourcecode.swift; path = AppDelegate.swift; sourceTree = "<group>"; };
		C860489326A5E09A00574FBB /* SceneDelegate.swift */ = {isa = PBXFileReference; lastKnownFileType = sourcecode.swift; path = SceneDelegate.swift; sourceTree = "<group>"; };
		C860489526A5E09A00574FBB /* GameViewController.swift */ = {isa = PBXFileReference; lastKnownFileType = sourcecode.swift; path = GameViewController.swift; sourceTree = "<group>"; };
		C860489826A5E09A00574FBB /* Base */ = {isa = PBXFileReference; lastKnownFileType = file.storyboard; name = Base; path = Base.lproj/Main.storyboard; sourceTree = "<group>"; };
		C860489A26A5E09C00574FBB /* Assets.xcassets */ = {isa = PBXFileReference; lastKnownFileType = folder.assetcatalog; path = Assets.xcassets; sourceTree = "<group>"; };
		C860489D26A5E09C00574FBB /* Base */ = {isa = PBXFileReference; lastKnownFileType = file.storyboard; name = Base; path = Base.lproj/LaunchScreen.storyboard; sourceTree = "<group>"; };
		C860489F26A5E09C00574FBB /* Info.plist */ = {isa = PBXFileReference; lastKnownFileType = text.plist.xml; path = Info.plist; sourceTree = "<group>"; };
		C86048A526A5EB8F00574FBB /* GameScene.swift */ = {isa = PBXFileReference; lastKnownFileType = sourcecode.swift; path = GameScene.swift; sourceTree = "<group>"; };
		C86048A826A9FEC800574FBB /* ScreenSize.swift */ = {isa = PBXFileReference; lastKnownFileType = sourcecode.swift; path = ScreenSize.swift; sourceTree = "<group>"; };
		C86048AA26AA084300574FBB /* HowToPlay.swift */ = {isa = PBXFileReference; lastKnownFileType = sourcecode.swift; path = HowToPlay.swift; sourceTree = "<group>"; };
		C86048BB26B8A59900574FBB /* munro.ttf */ = {isa = PBXFileReference; lastKnownFileType = file; name = munro.ttf; path = ../../../../Downloads/munro/munro.ttf; sourceTree = "<group>"; };
/* End PBXFileReference section */

/* Begin PBXFrameworksBuildPhase section */
		C860488B26A5E09900574FBB /* Frameworks */ = {
			isa = PBXFrameworksBuildPhase;
			buildActionMask = 2147483647;
			files = (
			);
			runOnlyForDeploymentPostprocessing = 0;
		};
/* End PBXFrameworksBuildPhase section */

/* Begin PBXGroup section */
		C860488526A5E09900574FBB = {
			isa = PBXGroup;
			children = (
				C860489026A5E09A00574FBB /* Totigotchi */,
				C860488F26A5E09A00574FBB /* Products */,
			);
			sourceTree = "<group>";
		};
		C860488F26A5E09A00574FBB /* Products */ = {
			isa = PBXGroup;
			children = (
				C860488E26A5E09A00574FBB /* Totigotchi.app */,
			);
			name = Products;
			sourceTree = "<group>";
		};
		C860489026A5E09A00574FBB /* Totigotchi */ = {
			isa = PBXGroup;
			children = (
				C86048AC26AA2EF400574FBB /* Font */,
				C860489126A5E09A00574FBB /* AppDelegate.swift */,
				C860489326A5E09A00574FBB /* SceneDelegate.swift */,
				C860489526A5E09A00574FBB /* GameViewController.swift */,
				C86048A526A5EB8F00574FBB /* GameScene.swift */,
				C860489726A5E09A00574FBB /* Main.storyboard */,
				C860489A26A5E09C00574FBB /* Assets.xcassets */,
				C860489C26A5E09C00574FBB /* LaunchScreen.storyboard */,
				C860489F26A5E09C00574FBB /* Info.plist */,
				C86048A826A9FEC800574FBB /* ScreenSize.swift */,
				C86048AA26AA084300574FBB /* HowToPlay.swift */,
			);
			path = Totigotchi;
			sourceTree = "<group>";
		};
		C86048AC26AA2EF400574FBB /* Font */ = {
			isa = PBXGroup;
			children = (
				C86048BB26B8A59900574FBB /* munro.ttf */,
			);
			path = Font;
			sourceTree = "<group>";
		};
/* End PBXGroup section */

/* Begin PBXNativeTarget section */
		C860488D26A5E09900574FBB /* Totigotchi */ = {
			isa = PBXNativeTarget;
			buildConfigurationList = C86048A226A5E09C00574FBB /* Build configuration list for PBXNativeTarget "Totigotchi" */;
			buildPhases = (
				C860488A26A5E09900574FBB /* Sources */,
				C860488B26A5E09900574FBB /* Frameworks */,
				C860488C26A5E09900574FBB /* Resources */,
			);
			buildRules = (
			);
			dependencies = (
			);
			name = Totigotchi;
			productName = Totigotchi;
			productReference = C860488E26A5E09A00574FBB /* Totigotchi.app */;
			productType = "com.apple.product-type.application";
		};
/* End PBXNativeTarget section */

/* Begin PBXProject section */
		C860488626A5E09900574FBB /* Project object */ = {
			isa = PBXProject;
			attributes = {
				LastSwiftUpdateCheck = 1250;
				LastUpgradeCheck = 1250;
				TargetAttributes = {
					C860488D26A5E09900574FBB = {
						CreatedOnToolsVersion = 12.5.1;
					};
				};
			};
			buildConfigurationList = C860488926A5E09900574FBB /* Build configuration list for PBXProject "Totigotchi" */;
			compatibilityVersion = "Xcode 9.3";
			developmentRegion = en;
			hasScannedForEncodings = 0;
			knownRegions = (
				en,
				Base,
			);
			mainGroup = C860488526A5E09900574FBB;
			productRefGroup = C860488F26A5E09A00574FBB /* Products */;
			projectDirPath = "";
			projectRoot = "";
			targets = (
				C860488D26A5E09900574FBB /* Totigotchi */,
			);
		};
/* End PBXProject section */

/* Begin PBXResourcesBuildPhase section */
		C860488C26A5E09900574FBB /* Resources */ = {
			isa = PBXResourcesBuildPhase;
			buildActionMask = 2147483647;
			files = (
				C860489E26A5E09C00574FBB /* LaunchScreen.storyboard in Resources */,
				C86048BC26B8A59900574FBB /* munro.ttf in Resources */,
				C860489B26A5E09C00574FBB /* Assets.xcassets in Resources */,
				C860489926A5E09A00574FBB /* Main.storyboard in Resources */,
			);
			runOnlyForDeploymentPostprocessing = 0;
		};
/* End PBXResourcesBuildPhase section */

/* Begin PBXSourcesBuildPhase section */
		C860488A26A5E09900574FBB /* Sources */ = {
			isa = PBXSourcesBuildPhase;
			buildActionMask = 2147483647;
			files = (
				C86048A926A9FEC800574FBB /* ScreenSize.swift in Sources */,
				C86048AB26AA084300574FBB /* HowToPlay.swift in Sources */,
				C860489626A5E09A00574FBB /* GameViewController.swift in Sources */,
				C860489226A5E09A00574FBB /* AppDelegate.swift in Sources */,
				C86048A626A5EB8F00574FBB /* GameScene.swift in Sources */,
				C860489426A5E09A00574FBB /* SceneDelegate.swift in Sources */,
			);
			runOnlyForDeploymentPostprocessing = 0;
		};
/* End PBXSourcesBuildPhase section */

/* Begin PBXVariantGroup section */
		C860489726A5E09A00574FBB /* Main.storyboard */ = {
			isa = PBXVariantGroup;
			children = (
				C860489826A5E09A00574FBB /* Base */,
			);
			name = Main.storyboard;
			sourceTree = "<group>";
		};
		C860489C26A5E09C00574FBB /* LaunchScreen.storyboard */ = {
			isa = PBXVariantGroup;
			children = (
				C860489D26A5E09C00574FBB /* Base */,
			);
			name = LaunchScreen.storyboard;
			sourceTree = "<group>";
		};
/* End PBXVariantGroup section */

/* Begin XCBuildConfiguration section */
		C86048A026A5E09C00574FBB /* Debug */ = {
			isa = XCBuildConfiguration;
			buildSettings = {
				ALWAYS_SEARCH_USER_PATHS = NO;
				CLANG_ANALYZER_NONNULL = YES;
				CLANG_ANALYZER_NUMBER_OBJECT_CONVERSION = YES_AGGRESSIVE;
				CLANG_CXX_LANGUAGE_STANDARD = "gnu++14";
				CLANG_CXX_LIBRARY = "libc++";
				CLANG_ENABLE_MODULES = YES;
				CLANG_ENABLE_OBJC_ARC = YES;
				CLANG_ENABLE_OBJC_WEAK = YES;
				CLANG_WARN_BLOCK_CAPTURE_AUTORELEASING = YES;
				CLANG_WARN_BOOL_CONVERSION = YES;
				CLANG_WARN_COMMA = YES;
				CLANG_WARN_CONSTANT_CONVERSION = YES;
				CLANG_WARN_DEPRECATED_OBJC_IMPLEMENTATIONS = YES;
				CLANG_WARN_DIRECT_OBJC_ISA_USAGE = YES_ERROR;
				CLANG_WARN_DOCUMENTATION_COMMENTS = YES;
				CLANG_WARN_EMPTY_BODY = YES;
				CLANG_WARN_ENUM_CONVERSION = YES;
				CLANG_WARN_INFINITE_RECURSION = YES;
				CLANG_WARN_INT_CONVERSION = YES;
				CLANG_WARN_NON_LITERAL_NULL_CONVERSION = YES;
				CLANG_WARN_OBJC_IMPLICIT_RETAIN_SELF = YES;
				CLANG_WARN_OBJC_LITERAL_CONVERSION = YES;
				CLANG_WARN_OBJC_ROOT_CLASS = YES_ERROR;
				CLANG_WARN_QUOTED_INCLUDE_IN_FRAMEWORK_HEADER = YES;
				CLANG_WARN_RANGE_LOOP_ANALYSIS = YES;
				CLANG_WARN_STRICT_PROTOTYPES = YES;
				CLANG_WARN_SUSPICIOUS_MOVE = YES;
				CLANG_WARN_UNGUARDED_AVAILABILITY = YES_AGGRESSIVE;
				CLANG_WARN_UNREACHABLE_CODE = YES;
				CLANG_WARN__DUPLICATE_METHOD_MATCH = YES;
				COPY_PHASE_STRIP = NO;
				DEBUG_INFORMATION_FORMAT = dwarf;
				ENABLE_STRICT_OBJC_MSGSEND = YES;
				ENABLE_TESTABILITY = YES;
				GCC_C_LANGUAGE_STANDARD = gnu11;
				GCC_DYNAMIC_NO_PIC = NO;
				GCC_NO_COMMON_BLOCKS = YES;
				GCC_OPTIMIZATION_LEVEL = 0;
				GCC_PREPROCESSOR_DEFINITIONS = (
					"DEBUG=1",
					"$(inherited)",
				);
				GCC_WARN_64_TO_32_BIT_CONVERSION = YES;
				GCC_WARN_ABOUT_RETURN_TYPE = YES_ERROR;
				GCC_WARN_UNDECLARED_SELECTOR = YES;
				GCC_WARN_UNINITIALIZED_AUTOS = YES_AGGRESSIVE;
				GCC_WARN_UNUSED_FUNCTION = YES;
				GCC_WARN_UNUSED_VARIABLE = YES;
				IPHONEOS_DEPLOYMENT_TARGET = 14.5;
				MTL_ENABLE_DEBUG_INFO = INCLUDE_SOURCE;
				MTL_FAST_MATH = YES;
				ONLY_ACTIVE_ARCH = YES;
				SDKROOT = iphoneos;
				SWIFT_ACTIVE_COMPILATION_CONDITIONS = DEBUG;
				SWIFT_OPTIMIZATION_LEVEL = "-Onone";
			};
			name = Debug;
		};
		C86048A126A5E09C00574FBB /* Release */ = {
			isa = XCBuildConfiguration;
			buildSettings = {
				ALWAYS_SEARCH_USER_PATHS = NO;
				CLANG_ANALYZER_NONNULL = YES;
				CLANG_ANALYZER_NUMBER_OBJECT_CONVERSION = YES_AGGRESSIVE;
				CLANG_CXX_LANGUAGE_STANDARD = "gnu++14";
				CLANG_CXX_LIBRARY = "libc++";
				CLANG_ENABLE_MODULES = YES;
				CLANG_ENABLE_OBJC_ARC = YES;
				CLANG_ENABLE_OBJC_WEAK = YES;
				CLANG_WARN_BLOCK_CAPTURE_AUTORELEASING = YES;
				CLANG_WARN_BOOL_CONVERSION = YES;
				CLANG_WARN_COMMA = YES;
				CLANG_WARN_CONSTANT_CONVERSION = YES;
				CLANG_WARN_DEPRECATED_OBJC_IMPLEMENTATIONS = YES;
				CLANG_WARN_DIRECT_OBJC_ISA_USAGE = YES_ERROR;
				CLANG_WARN_DOCUMENTATION_COMMENTS = YES;
				CLANG_WARN_EMPTY_BODY = YES;
				CLANG_WARN_ENUM_CONVERSION = YES;
				CLANG_WARN_INFINITE_RECURSION = YES;
				CLANG_WARN_INT_CONVERSION = YES;
				CLANG_WARN_NON_LITERAL_NULL_CONVERSION = YES;
				CLANG_WARN_OBJC_IMPLICIT_RETAIN_SELF = YES;
				CLANG_WARN_OBJC_LITERAL_CONVERSION = YES;
				CLANG_WARN_OBJC_ROOT_CLASS = YES_ERROR;
				CLANG_WARN_QUOTED_INCLUDE_IN_FRAMEWORK_HEADER = YES;
				CLANG_WARN_RANGE_LOOP_ANALYSIS = YES;
				CLANG_WARN_STRICT_PROTOTYPES = YES;
				CLANG_WARN_SUSPICIOUS_MOVE = YES;
				CLANG_WARN_UNGUARDED_AVAILABILITY = YES_AGGRESSIVE;
				CLANG_WARN_UNREACHABLE_CODE = YES;
				CLANG_WARN__DUPLICATE_METHOD_MATCH = YES;
				COPY_PHASE_STRIP = NO;
				DEBUG_INFORMATION_FORMAT = "dwarf-with-dsym";
				ENABLE_NS_ASSERTIONS = NO;
				ENABLE_STRICT_OBJC_MSGSEND = YES;
				GCC_C_LANGUAGE_STANDARD = gnu11;
				GCC_NO_COMMON_BLOCKS = YES;
				GCC_WARN_64_TO_32_BIT_CONVERSION = YES;
				GCC_WARN_ABOUT_RETURN_TYPE = YES_ERROR;
				GCC_WARN_UNDECLARED_SELECTOR = YES;
				GCC_WARN_UNINITIALIZED_AUTOS = YES_AGGRESSIVE;
				GCC_WARN_UNUSED_FUNCTION = YES;
				GCC_WARN_UNUSED_VARIABLE = YES;
				IPHONEOS_DEPLOYMENT_TARGET = 14.5;
				MTL_ENABLE_DEBUG_INFO = NO;
				MTL_FAST_MATH = YES;
				SDKROOT = iphoneos;
				SWIFT_COMPILATION_MODE = wholemodule;
				SWIFT_OPTIMIZATION_LEVEL = "-O";
				VALIDATE_PRODUCT = YES;
			};
			name = Release;
		};
		C86048A326A5E09C00574FBB /* Debug */ = {
			isa = XCBuildConfiguration;
			buildSettings = {
				ASSETCATALOG_COMPILER_APPICON_NAME = AppIcon;
				ASSETCATALOG_COMPILER_GLOBAL_ACCENT_COLOR_NAME = AccentColor;
				CODE_SIGN_STYLE = Automatic;
				CURRENT_PROJECT_VERSION = 2;
				DEVELOPMENT_TEAM = 87UTUM347S;
				INFOPLIST_FILE = Totigotchi/Info.plist;
				LD_RUNPATH_SEARCH_PATHS = (
					"$(inherited)",
					"@executable_path/Frameworks",
				);
				PRODUCT_BUNDLE_IDENTIFIER = taus.Totigotchi;
				PRODUCT_NAME = "$(TARGET_NAME)";
				SWIFT_VERSION = 5.0;
				TARGETED_DEVICE_FAMILY = 1;
			};
			name = Debug;
		};
		C86048A426A5E09C00574FBB /* Release */ = {
			isa = XCBuildConfiguration;
			buildSettings = {
				ASSETCATALOG_COMPILER_APPICON_NAME = AppIcon;
				ASSETCATALOG_COMPILER_GLOBAL_ACCENT_COLOR_NAME = AccentColor;
				CODE_SIGN_STYLE = Automatic;
				CURRENT_PROJECT_VERSION = 2;
				DEVELOPMENT_TEAM = 87UTUM347S;
				INFOPLIST_FILE = Totigotchi/Info.plist;
				LD_RUNPATH_SEARCH_PATHS = (
					"$(inherited)",
					"@executable_path/Frameworks",
				);
				PRODUCT_BUNDLE_IDENTIFIER = taus.Totigotchi;
				PRODUCT_NAME = "$(TARGET_NAME)";
				SWIFT_VERSION = 5.0;
				TARGETED_DEVICE_FAMILY = 1;
			};
			name = Release;
		};
/* End XCBuildConfiguration section */

/* Begin XCConfigurationList section */
		C860488926A5E09900574FBB /* Build configuration list for PBXProject "Totigotchi" */ = {
			isa = XCConfigurationList;
			buildConfigurations = (
				C86048A026A5E09C00574FBB /* Debug */,
				C86048A126A5E09C00574FBB /* Release */,
			);
			defaultConfigurationIsVisible = 0;
			defaultConfigurationName = Release;
		};
		C86048A226A5E09C00574FBB /* Build configuration list for PBXNativeTarget "Totigotchi" */ = {
			isa = XCConfigurationList;
			buildConfigurations = (
				C86048A326A5E09C00574FBB /* Debug */,
				C86048A426A5E09C00574FBB /* Release */,
			);
			defaultConfigurationIsVisible = 0;
			defaultConfigurationName = Release;
		};
/* End XCConfigurationList section */
	};
	rootObject = C860488626A5E09900574FBB /* Project object */;
}
